
Microsoft Visual Studio Solution File, Format Version 12.00
# Visual Studio 15
Project("{FAE04EC0-301F-11D3-BF4B-00C04F79EFBC}") = "AC", "AC.csproj", "{B7FDC8A0-F02F-6F85-E70B-71A81097C031}"
EndProject
Project("{FAE04EC0-301F-11D3-BF4B-00C04F79EFBC}") = "Assembly-CSharp", "Assembly-CSharp.csproj", "{2017A7B5-C3E3-A81A-5A57-93CE511BB5D5}"
EndProject
Project("{FAE04EC0-301F-11D3-BF4B-00C04F79EFBC}") = "Assembly-CSharp-Editor", "Assembly-CSharp-Editor.csproj", "{4E16D1DA-5A15-2F0F-1262-A11E051A75CC}"
EndProject
Global
	GlobalSection(SolutionConfigurationPlatforms) = preSolution
		Debug|Any CPU = Debug|Any CPU
		Release|Any CPU = Release|Any CPU
	EndGlobalSection
	GlobalSection(ProjectConfigurationPlatforms) = postSolution
		{B7FDC8A0-F02F-6F85-E70B-71A81097C031}.Debug|Any CPU.ActiveCfg = Debug|Any CPU
		{B7FDC8A0-F02F-6F85-E70B-71A81097C031}.Debug|Any CPU.Build.0 = Debug|Any CPU
		{B7FDC8A0-F02F-6F85-E70B-71A81097C031}.Release|Any CPU.ActiveCfg = Release|Any CPU
		{B7FDC8A0-F02F-6F85-E70B-71A81097C031}.Release|Any CPU.Build.0 = Release|Any CPU
		{2017A7B5-C3E3-A81A-5A57-93CE511BB5D5}.Debug|Any CPU.ActiveCfg = Debug|Any CPU
		{2017A7B5-C3E3-A81A-5A57-93CE511BB5D5}.Debug|Any CPU.Build.0 = Debug|Any CPU
		{2017A7B5-C3E3-A81A-5A57-93CE511BB5D5}.Release|Any CPU.ActiveCfg = Release|Any CPU
		{2017A7B5-C3E3-A81A-5A57-93CE511BB5D5}.Release|Any CPU.Build.0 = Release|Any CPU
		{4E16D1DA-5A15-2F0F-1262-A11E051A75CC}.Debug|Any CPU.ActiveCfg = Debug|Any CPU
		{4E16D1DA-5A15-2F0F-1262-A11E051A75CC}.Debug|Any CPU.Build.0 = Debug|Any CPU
		{4E16D1DA-5A15-2F0F-1262-A11E051A75CC}.Release|Any CPU.ActiveCfg = Release|Any CPU
		{4E16D1DA-5A15-2F0F-1262-A11E051A75CC}.Release|Any CPU.Build.0 = Release|Any CPU
	EndGlobalSection
	GlobalSection(SolutionProperties) = preSolution
		HideSolutionNode = FALSE
	EndGlobalSection
EndGlobal
